PODS:
  - Alamofire (4.5.0)
  - Anchorage (4.0.0)
  - BonMot (4.3.1)
  - Crashlytics (3.8.5):
    - Fabric (~> 1.6.3)
  - Fabric (1.6.12)
  - FrictionLess (0.0.1):
    - FrictionLess/All (= 0.0.1)
  - FrictionLess/All (0.0.1):
    - FrictionLess/CardEntry
    - FrictionLess/FormattableTextField
    - FrictionLess/FormUI
    - FrictionLess/PhoneFormatter
  - FrictionLess/CardEntry (0.0.1):
    - FrictionLess/FormUI
    - MaterialComponents/TextFields
  - FrictionLess/FormattableTextField (0.0.1)
  - FrictionLess/FormUI (0.0.1):
    - Anchorage
    - FrictionLess/FormattableTextField
  - FrictionLess/PhoneFormatter (0.0.1):
    - FrictionLess/FormattableTextField
    - PhoneNumberKit
  - GoogleAnalytics (3.17.0)
  - Instabug (7.3.2)
  - KeychainAccess (3.0.2)
  - lottie-ios (2.0.5)
  - Marshal (1.2.4)
  - MaterialComponents (32.0.0):
    - MaterialComponents/ActivityIndicator (= 32.0.0)
    - MaterialComponents/AnimationTiming (= 32.0.0)
    - MaterialComponents/AppBar (= 32.0.0)
    - MaterialComponents/BottomSheet (= 32.0.0)
    - MaterialComponents/ButtonBar (= 32.0.0)
    - MaterialComponents/Buttons (= 32.0.0)
    - MaterialComponents/CollectionCells (= 32.0.0)
    - MaterialComponents/CollectionLayoutAttributes (= 32.0.0)
    - MaterialComponents/Collections (= 32.0.0)
    - MaterialComponents/Dialogs (= 32.0.0)
    - MaterialComponents/FeatureHighlight (= 32.0.0)
    - MaterialComponents/FlexibleHeader (= 32.0.0)
    - MaterialComponents/HeaderStackView (= 32.0.0)
    - MaterialComponents/Ink (= 32.0.0)
    - MaterialComponents/MaskedTransition (= 32.0.0)
    - MaterialComponents/NavigationBar (= 32.0.0)
    - MaterialComponents/OverlayWindow (= 32.0.0)
    - MaterialComponents/PageControl (= 32.0.0)
    - MaterialComponents/Palettes (= 32.0.0)
    - MaterialComponents/private (= 32.0.0)
    - MaterialComponents/ProgressView (= 32.0.0)
    - MaterialComponents/ShadowElevations (= 32.0.0)
    - MaterialComponents/ShadowLayer (= 32.0.0)
    - MaterialComponents/Slider (= 32.0.0)
    - MaterialComponents/Snackbar (= 32.0.0)
    - MaterialComponents/Tabs (= 32.0.0)
    - MaterialComponents/TextFields (= 32.0.0)
    - MaterialComponents/Themes (= 32.0.0)
    - MaterialComponents/Typography (= 32.0.0)
  - MaterialComponents/ActivityIndicator (32.0.0):
    - MaterialComponents/ActivityIndicator/ColorThemer (= 32.0.0)
    - MaterialComponents/ActivityIndicator/Component (= 32.0.0)
    - MaterialComponents/private/Application
    - MaterialComponents/private/RTL
  - MaterialComponents/ActivityIndicator/ColorThemer (32.0.0):
    - MaterialComponents/ActivityIndicator/Component
    - MaterialComponents/private/Application
    - MaterialComponents/private/RTL
    - MaterialComponents/Themes
  - MaterialComponents/ActivityIndicator/Component (32.0.0):
    - MaterialComponents/private/Application
    - MaterialComponents/private/RTL
  - MaterialComponents/AnimationTiming (32.0.0)
  - MaterialComponents/AppBar (32.0.0):
    - MaterialComponents/AppBar/ColorThemer (= 32.0.0)
    - MaterialComponents/AppBar/Component (= 32.0.0)
  - MaterialComponents/AppBar/ColorThemer (32.0.0):
    - MaterialComponents/AppBar/Component
    - MaterialComponents/Themes
  - MaterialComponents/AppBar/Component (32.0.0):
    - MaterialComponents/FlexibleHeader
    - MaterialComponents/HeaderStackView
    - MaterialComponents/NavigationBar
    - MaterialComponents/private/Icons/ic_arrow_back
    - MaterialComponents/private/RTL
    - MaterialComponents/ShadowElevations
    - MaterialComponents/ShadowLayer
    - MaterialComponents/Typography
  - MaterialComponents/BottomSheet (32.0.0):
    - MaterialComponents/private/KeyboardWatcher
    - MaterialComponents/private/Math
  - MaterialComponents/ButtonBar (32.0.0):
    - MaterialComponents/ButtonBar/ColorThemer (= 32.0.0)
    - MaterialComponents/ButtonBar/Component (= 32.0.0)
    - MaterialComponents/Buttons
    - MaterialComponents/private/RTL
  - MaterialComponents/ButtonBar/ColorThemer (32.0.0):
    - MaterialComponents/ButtonBar/Component
    - MaterialComponents/Buttons
    - MaterialComponents/NavigationBar/Component
    - MaterialComponents/private/RTL
    - MaterialComponents/Themes
  - MaterialComponents/ButtonBar/Component (32.0.0):
    - MaterialComponents/Buttons
    - MaterialComponents/private/RTL
  - MaterialComponents/Buttons (32.0.0):
    - MaterialComponents/Buttons/ColorThemer (= 32.0.0)
    - MaterialComponents/Buttons/Component (= 32.0.0)
    - MaterialComponents/Buttons/TitleColorAccessibilityMutator (= 32.0.0)
    - MaterialComponents/Ink
    - MaterialComponents/private/Math
    - MaterialComponents/ShadowElevations
    - MaterialComponents/ShadowLayer
    - MaterialComponents/Typography
    - MDFTextAccessibility
  - MaterialComponents/Buttons/ColorThemer (32.0.0):
    - MaterialComponents/Buttons/Component
    - MaterialComponents/Ink
    - MaterialComponents/private/Math
    - MaterialComponents/ShadowElevations
    - MaterialComponents/ShadowLayer
    - MaterialComponents/Themes
    - MaterialComponents/Typography
    - MDFTextAccessibility
  - MaterialComponents/Buttons/Component (32.0.0):
    - MaterialComponents/Ink
    - MaterialComponents/private/Math
    - MaterialComponents/ShadowElevations
    - MaterialComponents/ShadowLayer
    - MaterialComponents/Typography
    - MDFTextAccessibility
  - MaterialComponents/Buttons/TitleColorAccessibilityMutator (32.0.0):
    - MaterialComponents/Buttons/Component
    - MaterialComponents/Ink
    - MaterialComponents/private/Math
    - MaterialComponents/ShadowElevations
    - MaterialComponents/ShadowLayer
    - MaterialComponents/Typography
    - MDFTextAccessibility
  - MaterialComponents/CollectionCells (32.0.0):
    - MaterialComponents/CollectionLayoutAttributes
    - MaterialComponents/Ink
    - MaterialComponents/private/Icons/ic_check
    - MaterialComponents/private/Icons/ic_check_circle
    - MaterialComponents/private/Icons/ic_chevron_right
    - MaterialComponents/private/Icons/ic_info
    - MaterialComponents/private/Icons/ic_radio_button_unchecked
    - MaterialComponents/private/Icons/ic_reorder
    - MaterialComponents/private/Math
    - MaterialComponents/private/RTL
    - MaterialComponents/Typography
  - MaterialComponents/CollectionLayoutAttributes (32.0.0)
  - MaterialComponents/Collections (32.0.0):
    - MaterialComponents/CollectionCells
    - MaterialComponents/CollectionLayoutAttributes
    - MaterialComponents/Ink
    - MaterialComponents/ShadowElevations
    - MaterialComponents/ShadowLayer
    - MaterialComponents/Typography
  - MaterialComponents/Dialogs (32.0.0):
    - MaterialComponents/Dialogs/ColorThemer (= 32.0.0)
    - MaterialComponents/Dialogs/Component (= 32.0.0)
  - MaterialComponents/Dialogs/ColorThemer (32.0.0):
    - MaterialComponents/Dialogs/Component
    - MaterialComponents/Themes
  - MaterialComponents/Dialogs/Component (32.0.0):
    - MaterialComponents/Buttons
    - MaterialComponents/private/KeyboardWatcher
    - MaterialComponents/private/RTL
    - MaterialComponents/ShadowElevations
    - MaterialComponents/ShadowLayer
  - MaterialComponents/FeatureHighlight (32.0.0):
    - MaterialComponents/FeatureHighlight/ColorThemer (= 32.0.0)
    - MaterialComponents/FeatureHighlight/Component (= 32.0.0)
  - MaterialComponents/FeatureHighlight/ColorThemer (32.0.0):
    - MaterialComponents/FeatureHighlight/Component
    - MaterialComponents/Themes
  - MaterialComponents/FeatureHighlight/Component (32.0.0):
    - MaterialComponents/private/Math
    - MaterialComponents/Typography
    - MDFTextAccessibility
  - MaterialComponents/FlexibleHeader (32.0.0):
    - MaterialComponents/FlexibleHeader/ColorThemer (= 32.0.0)
    - MaterialComponents/FlexibleHeader/Component (= 32.0.0)
    - MaterialComponents/private/Application
    - MDFTextAccessibility
  - MaterialComponents/FlexibleHeader/ColorThemer (32.0.0):
    - MaterialComponents/FlexibleHeader/Component
    - MaterialComponents/private/Application
    - MaterialComponents/Themes
    - MDFTextAccessibility
  - MaterialComponents/FlexibleHeader/Component (32.0.0):
    - MaterialComponents/private/Application
    - MDFTextAccessibility
  - MaterialComponents/HeaderStackView (32.0.0):
    - MaterialComponents/HeaderStackView/ColorThemer (= 32.0.0)
    - MaterialComponents/HeaderStackView/Component (= 32.0.0)
  - MaterialComponents/HeaderStackView/ColorThemer (32.0.0):
    - MaterialComponents/HeaderStackView/Component
    - MaterialComponents/Themes
  - MaterialComponents/HeaderStackView/Component (32.0.0)
  - MaterialComponents/Ink (32.0.0):
    - MaterialComponents/Ink/ColorThemer (= 32.0.0)
    - MaterialComponents/Ink/Component (= 32.0.0)
  - MaterialComponents/Ink/ColorThemer (32.0.0):
    - MaterialComponents/Ink/Component
    - MaterialComponents/Themes
  - MaterialComponents/Ink/Component (32.0.0)
  - MaterialComponents/MaskedTransition (32.0.0):
    - MotionAnimator (~> 1.0)
    - MotionInterchange (~> 1.0)
    - MotionTransitioning (~> 3.0)
  - MaterialComponents/NavigationBar (32.0.0):
    - MaterialComponents/NavigationBar/ColorThemer (= 32.0.0)
    - MaterialComponents/NavigationBar/Component (= 32.0.0)
  - MaterialComponents/NavigationBar/ColorThemer (32.0.0):
    - MaterialComponents/NavigationBar/Component
    - MaterialComponents/Themes
  - MaterialComponents/NavigationBar/Component (32.0.0):
    - MaterialComponents/ButtonBar/Component
    - MaterialComponents/private/Math
    - MaterialComponents/private/RTL
    - MaterialComponents/Typography
    - MDFTextAccessibility
  - MaterialComponents/OverlayWindow (32.0.0):
    - MaterialComponents/private/Application
  - MaterialComponents/PageControl (32.0.0):
    - MaterialComponents/PageControl/ColorThemer (= 32.0.0)
    - MaterialComponents/PageControl/Component (= 32.0.0)
  - MaterialComponents/PageControl/ColorThemer (32.0.0):
    - MaterialComponents/PageControl/Component
    - MaterialComponents/Themes
  - MaterialComponents/PageControl/Component (32.0.0)
  - MaterialComponents/Palettes (32.0.0)
  - MaterialComponents/private (32.0.0):
    - MaterialComponents/private/Application (= 32.0.0)
    - MaterialComponents/private/Icons (= 32.0.0)
    - MaterialComponents/private/KeyboardWatcher (= 32.0.0)
    - MaterialComponents/private/Math (= 32.0.0)
    - MaterialComponents/private/Overlay (= 32.0.0)
    - MaterialComponents/private/RTL (= 32.0.0)
    - MaterialComponents/private/ThumbTrack (= 32.0.0)
  - MaterialComponents/private/Application (32.0.0)
  - MaterialComponents/private/Icons (32.0.0):
    - MaterialComponents/private/Icons/Base (= 32.0.0)
    - MaterialComponents/private/Icons/ic_arrow_back (= 32.0.0)
    - MaterialComponents/private/Icons/ic_check (= 32.0.0)
    - MaterialComponents/private/Icons/ic_check_circle (= 32.0.0)
    - MaterialComponents/private/Icons/ic_chevron_right (= 32.0.0)
    - MaterialComponents/private/Icons/ic_info (= 32.0.0)
    - MaterialComponents/private/Icons/ic_radio_button_unchecked (= 32.0.0)
    - MaterialComponents/private/Icons/ic_reorder (= 32.0.0)
  - MaterialComponents/private/Icons/Base (32.0.0)
  - MaterialComponents/private/Icons/ic_arrow_back (32.0.0):
    - MaterialComponents/private/Icons/Base
  - MaterialComponents/private/Icons/ic_check (32.0.0):
    - MaterialComponents/private/Icons/Base
  - MaterialComponents/private/Icons/ic_check_circle (32.0.0):
    - MaterialComponents/private/Icons/Base
  - MaterialComponents/private/Icons/ic_chevron_right (32.0.0):
    - MaterialComponents/private/Icons/Base
  - MaterialComponents/private/Icons/ic_info (32.0.0):
    - MaterialComponents/private/Icons/Base
  - MaterialComponents/private/Icons/ic_radio_button_unchecked (32.0.0):
    - MaterialComponents/private/Icons/Base
  - MaterialComponents/private/Icons/ic_reorder (32.0.0):
    - MaterialComponents/private/Icons/Base
  - MaterialComponents/private/KeyboardWatcher (32.0.0):
    - MaterialComponents/private/Application
  - MaterialComponents/private/Math (32.0.0)
  - MaterialComponents/private/Overlay (32.0.0)
  - MaterialComponents/private/RTL (32.0.0)
  - MaterialComponents/private/ThumbTrack (32.0.0):
    - MaterialComponents/Ink
    - MaterialComponents/private/Math
    - MaterialComponents/private/RTL
    - MaterialComponents/ShadowElevations
    - MaterialComponents/ShadowLayer
    - MaterialComponents/Typography
  - MaterialComponents/ProgressView (32.0.0):
    - MaterialComponents/ProgressView/ColorThemer (= 32.0.0)
    - MaterialComponents/ProgressView/Component (= 32.0.0)
  - MaterialComponents/ProgressView/ColorThemer (32.0.0):
    - MaterialComponents/ProgressView/Component
    - MaterialComponents/Themes
  - MaterialComponents/ProgressView/Component (32.0.0):
    - MaterialComponents/private/Math
    - MaterialComponents/private/RTL
  - MaterialComponents/ShadowElevations (32.0.0)
  - MaterialComponents/ShadowLayer (32.0.0)
  - MaterialComponents/Slider (32.0.0):
    - MaterialComponents/Slider/ColorThemer (= 32.0.0)
    - MaterialComponents/Slider/Component (= 32.0.0)
  - MaterialComponents/Slider/ColorThemer (32.0.0):
    - MaterialComponents/Slider/Component
    - MaterialComponents/Themes
  - MaterialComponents/Slider/Component (32.0.0):
    - MaterialComponents/private/ThumbTrack
  - MaterialComponents/Snackbar (32.0.0):
    - MaterialComponents/AnimationTiming
    - MaterialComponents/Buttons
    - MaterialComponents/OverlayWindow
    - MaterialComponents/private/Application
    - MaterialComponents/private/KeyboardWatcher
    - MaterialComponents/private/Overlay
    - MaterialComponents/Typography
  - MaterialComponents/Tabs (32.0.0):
    - MaterialComponents/Tabs/ColorThemer (= 32.0.0)
    - MaterialComponents/Tabs/Component (= 32.0.0)
  - MaterialComponents/Tabs/ColorThemer (32.0.0):
    - MaterialComponents/Tabs/Component
    - MaterialComponents/Themes
  - MaterialComponents/Tabs/Component (32.0.0):
    - MaterialComponents/AnimationTiming
    - MaterialComponents/Ink
    - MaterialComponents/private/RTL
    - MaterialComponents/Typography
  - MaterialComponents/TextFields (32.0.0):
    - MaterialComponents/TextFields/ColorThemer (= 32.0.0)
    - MaterialComponents/TextFields/Component (= 32.0.0)
  - MaterialComponents/TextFields/ColorThemer (32.0.0):
    - MaterialComponents/TextFields/Component
    - MaterialComponents/Themes
  - MaterialComponents/TextFields/Component (32.0.0):
    - MaterialComponents/AnimationTiming
    - MaterialComponents/Palettes
    - MaterialComponents/private/Math
    - MaterialComponents/private/RTL
    - MaterialComponents/Typography
  - MaterialComponents/Themes (32.0.0)
  - MaterialComponents/Typography (32.0.0):
    - MaterialComponents/private/Application
  - MDFTextAccessibility (1.2.0)
  - MotionAnimator (1.1.0):
    - MotionInterchange
  - MotionInterchange (1.0.1)
  - MotionTransitioning (3.1.0)
  - OHHTTPStubs/Core (6.0.0)
  - OHHTTPStubs/Default (6.0.0):
    - OHHTTPStubs/Core
    - OHHTTPStubs/JSON
    - OHHTTPStubs/NSURLSession
    - OHHTTPStubs/OHPathHelpers
  - OHHTTPStubs/JSON (6.0.0):
    - OHHTTPStubs/Core
  - OHHTTPStubs/NSURLSession (6.0.0):
    - OHHTTPStubs/Core
  - OHHTTPStubs/OHPathHelpers (6.0.0)
  - OHHTTPStubs/Swift (6.0.0):
    - OHHTTPStubs/Default
  - PhoneNumberKit (1.3.0):
    - PhoneNumberKit/PhoneNumberKitCore (= 1.3.0)
    - PhoneNumberKit/UIKit (= 1.3.0)
  - PhoneNumberKit/PhoneNumberKitCore (1.3.0)
  - PhoneNumberKit/UIKit (1.3.0):
    - PhoneNumberKit/PhoneNumberKitCore
  - Sourcery (0.8.0)
  - SwiftGen (4.2.1)
  - Swiftilities (0.16.0):
    - Swiftilities/All (= 0.16.0)
  - Swiftilities/AboutView (0.16.0)
  - Swiftilities/AccessibilityHelpers (0.16.0)
  - Swiftilities/Acknowledgements (0.16.0):
    - Swiftilities/Deselection
    - Swiftilities/LicenseFormatter
  - Swiftilities/All (0.16.0):
    - Swiftilities/AboutView
    - Swiftilities/AccessibilityHelpers
    - Swiftilities/Acknowledgements
    - Swiftilities/BetterButton
    - Swiftilities/ColorHelpers
    - Swiftilities/CoreDataStack
    - Swiftilities/Deselection
    - Swiftilities/DeviceSize
    - Swiftilities/FormattedTextField
    - Swiftilities/Forms
    - Swiftilities/HairlineView
    - Swiftilities/ImageHelpers
    - Swiftilities/Keyboard
    - Swiftilities/LicenseFormatter
    - Swiftilities/Lifecycle
    - Swiftilities/Logging
    - Swiftilities/Math
    - Swiftilities/RootViewController
    - Swiftilities/Shapes
    - Swiftilities/StackViewHelpers
    - Swiftilities/TableViewHelpers
    - Swiftilities/TintedButton
    - Swiftilities/Views
  - Swiftilities/BetterButton (0.16.0):
    - Swiftilities/ColorHelpers
    - Swiftilities/ImageHelpers
    - Swiftilities/Shapes
  - Swiftilities/ColorHelpers (0.16.0)
  - Swiftilities/CoreDataStack (0.16.0)
  - Swiftilities/Deselection (0.16.0)
  - Swiftilities/DeviceSize (0.16.0)
  - Swiftilities/FormattedTextField (0.16.0)
  - Swiftilities/Forms (0.16.0)
  - Swiftilities/HairlineView (0.16.0)
  - Swiftilities/ImageHelpers (0.16.0)
  - Swiftilities/Keyboard (0.16.0)
  - Swiftilities/LicenseFormatter (0.16.0)
  - Swiftilities/Lifecycle (0.16.0):
    - Swiftilities/HairlineView
    - Swiftilities/Math
  - Swiftilities/Logging (0.16.0)
  - Swiftilities/Math (0.16.0)
  - Swiftilities/RootViewController (0.16.0)
  - Swiftilities/Shapes (0.16.0)
  - Swiftilities/StackViewHelpers (0.16.0)
  - Swiftilities/TableViewHelpers (0.16.0)
  - Swiftilities/TintedButton (0.16.0)
  - Swiftilities/Views (0.16.0)
  - SwiftLint (0.20.1)

DEPENDENCIES:
  - Alamofire
  - Anchorage
  - BonMot
  - Crashlytics
  - FrictionLess (from `https://github.com/Raizlabs/FrictionLess`, branch `feature/heyltsjay/materialTextField`)
  - GoogleAnalytics (~> 3.0)
  - Instabug
  - KeychainAccess
  - lottie-ios
  - Marshal
  - MaterialComponents
  - OHHTTPStubs/Swift
  - Sourcery
  - SwiftGen
  - Swiftilities (from `https://github.com/Raizlabs/Swiftilities`, branch `feature/heyltsjay/misc-enhancements`)
  - SwiftLint

EXTERNAL SOURCES:
  FrictionLess:
    :branch: feature/heyltsjay/materialTextField
    :git: https://github.com/Raizlabs/FrictionLess
  Swiftilities:
    :branch: feature/heyltsjay/misc-enhancements
    :git: https://github.com/Raizlabs/Swiftilities

CHECKOUT OPTIONS:
  FrictionLess:
    :commit: e160012afc6906145f7bad14227b405f8dfc370a
    :git: https://github.com/Raizlabs/FrictionLess
  Swiftilities:
    :commit: e020e270401abd42c8f8f19672f3c53bf85c0566
    :git: https://github.com/Raizlabs/Swiftilities

SPEC CHECKSUMS:
  Alamofire: f28cdffd29de33a7bfa022cbd63ae95a27fae140
  Anchorage: fe50dca4e20846b8cb15c859d26fec5132b41577
  BonMot: 043bb5a8834cc6d74e9d624742272b92385e0a27
  Crashlytics: dfbae35ef22ca189240d230ad501feea4ee85d2d
  Fabric: f050464eac45a2ce5a8e6e6a07e977c0df32fe28
  FrictionLess: d5f074bdbac05af6779f81a7e16f81d19223a8c3
  GoogleAnalytics: f42cc53a87a51fe94334821868d9c8481ff47a7b
  Instabug: 254ccc875caeaca004a872876573feea420745a6
  KeychainAccess: a986406022dfc7c634c691ad3bec670cc6a32002
  lottie-ios: d574e45532c6c06ac03c6d6649f759fb1137297b
  Marshal: 8e04e6624e506921db7143b0bfd83caee03f32d6
  MaterialComponents: 1f5eef1236301bbe4c4d169b5c8fba44cd57be67
  MDFTextAccessibility: 94098925e0853551c5a311ce7c1ecefbe297cdb6
  MotionAnimator: 9d025cda7572737e5db5ca779eb28c767fe6cf45
  MotionInterchange: 7a7c355ba2ed5d36c5cf2ceb76cacd3d3680dbf5
  MotionTransitioning: 5a4188866a5b016f7181dd41c1a14f93809688ec
  OHHTTPStubs: 752f9b11fd810a15162d50f11c06ff94f8e012eb
  PhoneNumberKit: 08aaf1968ea41a114327e9223cbb0391d76ae145
  Sourcery: c5c099c4786fed4c24febd5edb25a8ea1b45b40d
  SwiftGen: 2ba2a88fc6130b96e38e2baa0029e4bd222ffd85
  Swiftilities: 06fa4a3b03556a3876c623b8017f1ae3aff58287
  SwiftLint: f60095dc173a3f3ec505bb34f5229c3dfd779a54

PODFILE CHECKSUM: 47c92ac59f8d307194f95bc21601827f5b897b32

COCOAPODS: 1.2.1
